github.com/gorilla/websocket v1.4.2 h1:+/TMaTYc4QFitKJxsQ7Yye35DkWvkdLcvGKqM+x0Ufc=
github.com/gorilla/websocket v1.4.2/go.mod h1:YR8l580nyteQvAITg2hZ9XVh4b55+EU/adAjf1fMHhE=
github.com/magefile/mage v1.14.0 h1:6QDX3g6z1YvJ4olPhT1wksUcSa/V0a1B+pJb73fBjyo=
github.com/magefile/mage v1.14.0/go.mod h1:z5UZb/iS3GoOSn0JgWuiw7dxlurVYTu+/jHXqQg881A=
hermannm.dev/condqueue v0.1.0 h1:2o27d/R9v7hevmX5LHbhuy+e2OO1dDW9IFeAjqQPX1g=
hermannm.dev/condqueue v0.1.0/go.mod h1:Y6kOU4U4l260cnsl8azxvj35D7kx7223HZY1ZJ3qsOA=
hermannm.dev/condqueue v0.2.0 h1:mA0jduUbh9AvfLD8Qrwcxg03BQ3C2YuMQsByXOS7Dh0=
hermannm.dev/condqueue v0.2.0/go.mod h1:Y6kOU4U4l260cnsl8azxvj35D7kx7223HZY1ZJ3qsOA=
hermannm.dev/devlog v0.2.0 h1:NxOxEGg9t2AOSJPmE9JZZavO/fJv3L4l6uIR4VaUz3Q=
hermannm.dev/devlog v0.2.0/go.mod h1:IWhkEkW8ZqI7H9ZvDnR2MmFjqtz5ixc9sVpKojoRpH0=
hermannm.dev/ipfinder v0.2.0 h1:iTChS/0afLFNp7XzuYpjwkKK6zUHAUfCf4x06Cpi+Tg=
hermannm.dev/ipfinder v0.2.0/go.mod h1:7+ie7BmJfl7lxyAj1KczFlangkGL6POMIBDDvSksWzw=
hermannm.dev/set v0.2.0 h1:K28IKj06HudadlkTDtF87KnAfeUVtPGXSbUI6W3Zn3o=
hermannm.dev/set v0.2.0/go.mod h1:8/X35bKB/zTbDzD0rInCaSQu/Cn9qktAjcWM5Oj3bPQ=
hermannm.dev/wrap v0.2.0 h1:/E4mYplwPHkyy1rqWZk4PSyYrFPVtGbKJlmsPgWrAX0=
hermannm.dev/wrap v0.2.0/go.mod h1:W2PoHmpfK1VpZF01eZfAZ2lj02BL+3PAAQT/tP1aEt0=
